// !$*UTF8*$!
{
	archiveVersion = 1;
	classes = {
	};
	objectVersion = 46;
	objects = {

/* Begin PBXBuildFile section */
		3826889B179F76C4008F05E1 /* screen.cpp in Sources */ = {isa = PBXBuildFile; fileRef = 38268899179F75AC008F05E1 /* screen.cpp */; };
		3866DAAD17A2D674001F7521 /* IOKit.framework in Frameworks */ = {isa = PBXBuildFile; fileRef = 3866DAAC17A2D674001F7521 /* IOKit.framework */; };
		3866DAAF17A2D68D001F7521 /* Cocoa.framework in Frameworks */ = {isa = PBXBuildFile; fileRef = 3866DAAE17A2D68D001F7521 /* Cocoa.framework */; };
		3866DAB117A2D693001F7521 /* OpenGL.framework in Frameworks */ = {isa = PBXBuildFile; fileRef = 3866DAB017A2D693001F7521 /* OpenGL.framework */; };
		386E172217A2D73800695B54 /* file_posix.cpp in Sources */ = {isa = PBXBuildFile; fileRef = 386E171817A2D6FD00695B54 /* file_posix.cpp */; };
		386E172317A2D73800695B54 /* opengl.cpp in Sources */ = {isa = PBXBuildFile; fileRef = 386E171A17A2D6FD00695B54 /* opengl.cpp */; };
		386E172417A2D73800695B54 /* pixmap.cpp in Sources */ = {isa = PBXBuildFile; fileRef = 386E171C17A2D70B00695B54 /* pixmap.cpp */; };
		386E172517A2D73800695B54 /* resource.cpp in Sources */ = {isa = PBXBuildFile; fileRef = 386E171E17A2D70B00695B54 /* resource.cpp */; };
		386E172617A2D73800695B54 /* texture.cpp in Sources */ = {isa = PBXBuildFile; fileRef = 386E172017A2D71800695B54 /* texture.cpp */; };
		386E172817A2D76500695B54 /* pixmap_coregraphics.cpp in Sources */ = {isa = PBXBuildFile; fileRef = 386E172717A2D76500695B54 /* pixmap_coregraphics.cpp */; };
		386E172A17A2D99000695B54 /* ApplicationServices.framework in Frameworks */ = {isa = PBXBuildFile; fileRef = 386E172917A2D99000695B54 /* ApplicationServices.framework */; };
/* End PBXBuildFile section */

/* Begin PBXFileReference section */
		38268876179F74E0008F05E1 /* Seven.app */ = {isa = PBXFileReference; explicitFileType = wrapper.application; includeInIndex = 0; path = Seven.app; sourceTree = BUILT_PRODUCTS_DIR; };
		38268897179F75AC008F05E1 /* en */ = {isa = PBXFileReference; lastKnownFileType = text.plist.strings; name = en; path = en.lproj/InfoPlist.strings; sourceTree = "<group>"; };
		38268898179F75AC008F05E1 /* Seven-Info.plist */ = {isa = PBXFileReference; lastKnownFileType = text.plist.xml; path = "Seven-Info.plist"; sourceTree = "<group>"; };
		38268899179F75AC008F05E1 /* screen.cpp */ = {isa = PBXFileReference; lastKnownFileType = sourcecode.cpp.cpp; name = screen.cpp; path = src/screen.cpp; sourceTree = SOURCE_ROOT; };
		3826889A179F75AC008F05E1 /* screen.hpp */ = {isa = PBXFileReference; lastKnownFileType = sourcecode.cpp.h; name = screen.hpp; path = src/screen.hpp; sourceTree = SOURCE_ROOT; };
		3866DAAC17A2D674001F7521 /* IOKit.framework */ = {isa = PBXFileReference; lastKnownFileType = wrapper.framework; name = IOKit.framework; path = Platforms/MacOSX.platform/Developer/SDKs/MacOSX10.8.sdk/System/Library/Frameworks/IOKit.framework; sourceTree = DEVELOPER_DIR; };
		3866DAAE17A2D68D001F7521 /* Cocoa.framework */ = {isa = PBXFileReference; lastKnownFileType = wrapper.framework; name = Cocoa.framework; path = Platforms/MacOSX.platform/Developer/SDKs/MacOSX10.8.sdk/System/Library/Frameworks/Cocoa.framework; sourceTree = DEVELOPER_DIR; };
		3866DAB017A2D693001F7521 /* OpenGL.framework */ = {isa = PBXFileReference; lastKnownFileType = wrapper.framework; name = OpenGL.framework; path = Platforms/MacOSX.platform/Developer/SDKs/MacOSX10.8.sdk/System/Library/Frameworks/OpenGL.framework; sourceTree = DEVELOPER_DIR; };
		386E171817A2D6FD00695B54 /* file_posix.cpp */ = {isa = PBXFileReference; lastKnownFileType = sourcecode.cpp.cpp; name = file_posix.cpp; path = src/file_posix.cpp; sourceTree = SOURCE_ROOT; };
		386E171917A2D6FD00695B54 /* file.hpp */ = {isa = PBXFileReference; lastKnownFileType = sourcecode.cpp.h; name = file.hpp; path = src/file.hpp; sourceTree = SOURCE_ROOT; };
		386E171A17A2D6FD00695B54 /* opengl.cpp */ = {isa = PBXFileReference; lastKnownFileType = sourcecode.cpp.cpp; name = opengl.cpp; path = src/opengl.cpp; sourceTree = SOURCE_ROOT; };
		386E171B17A2D6FD00695B54 /* opengl.hpp */ = {isa = PBXFileReference; lastKnownFileType = sourcecode.cpp.h; name = opengl.hpp; path = src/opengl.hpp; sourceTree = SOURCE_ROOT; };
		386E171C17A2D70B00695B54 /* pixmap.cpp */ = {isa = PBXFileReference; lastKnownFileType = sourcecode.cpp.cpp; name = pixmap.cpp; path = src/pixmap.cpp; sourceTree = SOURCE_ROOT; };
		386E171D17A2D70B00695B54 /* pixmap.hpp */ = {isa = PBXFileReference; lastKnownFileType = sourcecode.cpp.h; name = pixmap.hpp; path = src/pixmap.hpp; sourceTree = SOURCE_ROOT; };
		386E171E17A2D70B00695B54 /* resource.cpp */ = {isa = PBXFileReference; lastKnownFileType = sourcecode.cpp.cpp; name = resource.cpp; path = src/resource.cpp; sourceTree = SOURCE_ROOT; };
		386E171F17A2D70B00695B54 /* resource.hpp */ = {isa = PBXFileReference; lastKnownFileType = sourcecode.cpp.h; name = resource.hpp; path = src/resource.hpp; sourceTree = SOURCE_ROOT; };
		386E172017A2D71800695B54 /* texture.cpp */ = {isa = PBXFileReference; lastKnownFileType = sourcecode.cpp.cpp; name = texture.cpp; path = src/texture.cpp; sourceTree = SOURCE_ROOT; };
		386E172117A2D71800695B54 /* texture.hpp */ = {isa = PBXFileReference; lastKnownFileType = sourcecode.cpp.h; name = texture.hpp; path = src/texture.hpp; sourceTree = SOURCE_ROOT; };
		386E172717A2D76500695B54 /* pixmap_coregraphics.cpp */ = {isa = PBXFileReference; fileEncoding = 4; lastKnownFileType = sourcecode.cpp.cpp; name = pixmap_coregraphics.cpp; path = src/pixmap_coregraphics.cpp; sourceTree = SOURCE_ROOT; };
		386E172917A2D99000695B54 /* ApplicationServices.framework */ = {isa = PBXFileReference; lastKnownFileType = wrapper.framework; name = ApplicationServices.framework; path = Platforms/MacOSX.platform/Developer/SDKs/MacOSX10.8.sdk/System/Library/Frameworks/ApplicationServices.framework; sourceTree = DEVELOPER_DIR; };
/* End PBXFileReference section */

/* Begin PBXFrameworksBuildPhase section */
		38268873179F74E0008F05E1 /* Frameworks */ = {
			isa = PBXFrameworksBuildPhase;
			buildActionMask = 2147483647;
			files = (
				386E172A17A2D99000695B54 /* ApplicationServices.framework in Frameworks */,
				3866DAB117A2D693001F7521 /* OpenGL.framework in Frameworks */,
				3866DAAF17A2D68D001F7521 /* Cocoa.framework in Frameworks */,
				3866DAAD17A2D674001F7521 /* IOKit.framework in Frameworks */,
			);
			runOnlyForDeploymentPostprocessing = 0;
		};
/* End PBXFrameworksBuildPhase section */

/* Begin PBXGroup section */
		38268877179F74E0008F05E1 /* Products */ = {
			isa = PBXGroup;
			children = (
				38268876179F74E0008F05E1 /* Seven.app */,
			);
			name = Products;
			sourceTree = "<group>";
		};
		38268878179F74E0008F05E1 /* Frameworks */ = {
			isa = PBXGroup;
			children = (
				386E172917A2D99000695B54 /* ApplicationServices.framework */,
				3866DAB017A2D693001F7521 /* OpenGL.framework */,
				3866DAAE17A2D68D001F7521 /* Cocoa.framework */,
				3866DAAC17A2D674001F7521 /* IOKit.framework */,
			);
			name = Frameworks;
			sourceTree = "<group>";
		};
		3826887F179F74E0008F05E1 /* Seven */ = {
			isa = PBXGroup;
			children = (
				38268895179F75AC008F05E1 /* osx */,
				386E171817A2D6FD00695B54 /* file_posix.cpp */,
				386E171917A2D6FD00695B54 /* file.hpp */,
				386E171A17A2D6FD00695B54 /* opengl.cpp */,
				386E171B17A2D6FD00695B54 /* opengl.hpp */,
				386E172717A2D76500695B54 /* pixmap_coregraphics.cpp */,
				386E171C17A2D70B00695B54 /* pixmap.cpp */,
				386E171D17A2D70B00695B54 /* pixmap.hpp */,
				386E171E17A2D70B00695B54 /* resource.cpp */,
				386E171F17A2D70B00695B54 /* resource.hpp */,
				38268899179F75AC008F05E1 /* screen.cpp */,
				3826889A179F75AC008F05E1 /* screen.hpp */,
				386E172017A2D71800695B54 /* texture.cpp */,
				386E172117A2D71800695B54 /* texture.hpp */,
			);
			path = Seven;
			sourceTree = "<group>";
		};
		38268895179F75AC008F05E1 /* osx */ = {
			isa = PBXGroup;
			children = (
				38268896179F75AC008F05E1 /* InfoPlist.strings */,
				38268898179F75AC008F05E1 /* Seven-Info.plist */,
			);
			name = osx;
			path = src/osx;
			sourceTree = SOURCE_ROOT;
		};
		38FADE93179F74040011168D = {
			isa = PBXGroup;
			children = (
				3826887F179F74E0008F05E1 /* Seven */,
				38268878179F74E0008F05E1 /* Frameworks */,
				38268877179F74E0008F05E1 /* Products */,
			);
			sourceTree = "<group>";
		};
/* End PBXGroup section */

/* Begin PBXNativeTarget section */
		38268875179F74E0008F05E1 /* Seven */ = {
			isa = PBXNativeTarget;
			buildConfigurationList = 38268893179F74E0008F05E1 /* Build configuration list for PBXNativeTarget "Seven" */;
			buildPhases = (
				38268872179F74E0008F05E1 /* Sources */,
				38268873179F74E0008F05E1 /* Frameworks */,
				38268874179F74E0008F05E1 /* Resources */,
			);
			buildRules = (
			);
			dependencies = (
			);
			name = Seven;
			productName = Seven;
			productReference = 38268876179F74E0008F05E1 /* Seven.app */;
			productType = "com.apple.product-type.application";
		};
/* End PBXNativeTarget section */

/* Begin PBXProject section */
		38FADE94179F74040011168D /* Project object */ = {
			isa = PBXProject;
			attributes = {
				LastUpgradeCheck = 0460;
			};
			buildConfigurationList = 38FADE97179F74040011168D /* Build configuration list for PBXProject "Seven" */;
			compatibilityVersion = "Xcode 3.2";
			developmentRegion = English;
			hasScannedForEncodings = 0;
			knownRegions = (
				en,
			);
			mainGroup = 38FADE93179F74040011168D;
			productRefGroup = 38268877179F74E0008F05E1 /* Products */;
			projectDirPath = "";
			projectRoot = "";
			targets = (
				38268875179F74E0008F05E1 /* Seven */,
			);
		};
/* End PBXProject section */

/* Begin PBXResourcesBuildPhase section */
		38268874179F74E0008F05E1 /* Resources */ = {
			isa = PBXResourcesBuildPhase;
			buildActionMask = 2147483647;
			files = (
			);
			runOnlyForDeploymentPostprocessing = 0;
		};
/* End PBXResourcesBuildPhase section */

/* Begin PBXSourcesBuildPhase section */
		38268872179F74E0008F05E1 /* Sources */ = {
			isa = PBXSourcesBuildPhase;
			buildActionMask = 2147483647;
			files = (
				386E172217A2D73800695B54 /* file_posix.cpp in Sources */,
				386E172317A2D73800695B54 /* opengl.cpp in Sources */,
				386E172417A2D73800695B54 /* pixmap.cpp in Sources */,
				386E172517A2D73800695B54 /* resource.cpp in Sources */,
				386E172617A2D73800695B54 /* texture.cpp in Sources */,
				3826889B179F76C4008F05E1 /* screen.cpp in Sources */,
				386E172817A2D76500695B54 /* pixmap_coregraphics.cpp in Sources */,
			);
			runOnlyForDeploymentPostprocessing = 0;
		};
/* End PBXSourcesBuildPhase section */

/* Begin PBXVariantGroup section */
		38268896179F75AC008F05E1 /* InfoPlist.strings */ = {
			isa = PBXVariantGroup;
			children = (
				38268897179F75AC008F05E1 /* en */,
			);
			name = InfoPlist.strings;
			sourceTree = "<group>";
		};
/* End PBXVariantGroup section */

/* Begin XCBuildConfiguration section */
		38268891179F74E0008F05E1 /* Debug */ = {
			isa = XCBuildConfiguration;
			buildSettings = {
				ARCHS = "$(ARCHS_STANDARD_64_BIT)";
				CLANG_CXX_LANGUAGE_STANDARD = "gnu++0x";
				CLANG_CXX_LIBRARY = "libc++";
				CLANG_WARN_CONSTANT_CONVERSION = YES;
				CLANG_WARN_EMPTY_BODY = YES;
				CLANG_WARN_ENUM_CONVERSION = YES;
				CLANG_WARN_INT_CONVERSION = YES;
				CLANG_WARN__DUPLICATE_METHOD_MATCH = YES;
				COMBINE_HIDPI_IMAGES = YES;
				COPY_PHASE_STRIP = NO;
				GCC_C_LANGUAGE_STANDARD = gnu99;
				GCC_DYNAMIC_NO_PIC = NO;
				GCC_ENABLE_OBJC_EXCEPTIONS = YES;
				GCC_OPTIMIZATION_LEVEL = 0;
				GCC_PREPROCESSOR_DEFINITIONS = (
					"DEBUG=1",
					"$(inherited)",
				);
				GCC_SYMBOLS_PRIVATE_EXTERN = NO;
				GCC_WARN_64_TO_32_BIT_CONVERSION = YES;
				GCC_WARN_ABOUT_RETURN_TYPE = YES;
				GCC_WARN_UNINITIALIZED_AUTOS = YES;
				GCC_WARN_UNUSED_VARIABLE = YES;
				HEADER_SEARCH_PATHS = (
					"$(PROJECT_DIR)/libs/glfw/include",
					"$(PROJECT_DIR)/libs/glew/include",
				);
				INFOPLIST_FILE = "src/osx/Seven-Info.plist";
				LIBRARY_SEARCH_PATHS = (
					"$(inherited)",
					"\"$(SRCROOT)/libs/glfw/src\"",
					"\"$(SRCROOT)/libs/glew/lib\"",
				);
				MACOSX_DEPLOYMENT_TARGET = 10.8;
				ONLY_ACTIVE_ARCH = YES;
				OTHER_LDFLAGS = (
					"$(PROJECT_DIR)/libs/glfw/src/libglfw3.a",
					"$(PROJECT_DIR)/libs/glew/lib/libGLEW.a",
				);
				PRODUCT_NAME = "$(TARGET_NAME)";
				SDKROOT = macosx;
				WRAPPER_EXTENSION = app;
			};
			name = Debug;
		};
		38268892179F74E0008F05E1 /* Release */ = {
			isa = XCBuildConfiguration;
			buildSettings = {
				ARCHS = "$(ARCHS_STANDARD_64_BIT)";
				CLANG_CXX_LANGUAGE_STANDARD = "gnu++0x";
				CLANG_CXX_LIBRARY = "libc++";
				CLANG_WARN_CONSTANT_CONVERSION = YES;
				CLANG_WARN_EMPTY_BODY = YES;
				CLANG_WARN_ENUM_CONVERSION = YES;
				CLANG_WARN_INT_CONVERSION = YES;
				CLANG_WARN__DUPLICATE_METHOD_MATCH = YES;
				COMBINE_HIDPI_IMAGES = YES;
				COPY_PHASE_STRIP = YES;
				DEBUG_INFORMATION_FORMAT = "dwarf-with-dsym";
				GCC_C_LANGUAGE_STANDARD = gnu99;
				GCC_ENABLE_OBJC_EXCEPTIONS = YES;
				GCC_WARN_64_TO_32_BIT_CONVERSION = YES;
				GCC_WARN_ABOUT_RETURN_TYPE = YES;
				GCC_WARN_UNINITIALIZED_AUTOS = YES;
				GCC_WARN_UNUSED_VARIABLE = YES;
				HEADER_SEARCH_PATHS = (
					"$(PROJECT_DIR)/libs/glfw/include",
					"$(PROJECT_DIR)/libs/glew/include",
				);
				INFOPLIST_FILE = "src/osx/Seven-Info.plist";
				LIBRARY_SEARCH_PATHS = (
					"$(inherited)",
					"\"$(SRCROOT)/libs/glfw/src\"",
					"\"$(SRCROOT)/libs/glew/lib\"",
				);
				MACOSX_DEPLOYMENT_TARGET = 10.8;
				OTHER_LDFLAGS = (
					"$(PROJECT_DIR)/libs/glfw/src/libglfw3.a",
					"$(PROJECT_DIR)/libs/glew/lib/libGLEW.a",
				);
				PRODUCT_NAME = "$(TARGET_NAME)";
				SDKROOT = macosx;
				WRAPPER_EXTENSION = app;
			};
			name = Release;
		};
		38FADE98179F74040011168D /* Debug */ = {
			isa = XCBuildConfiguration;
			buildSettings = {
			};
			name = Debug;
		};
		38FADE99179F74040011168D /* Release */ = {
			isa = XCBuildConfiguration;
			buildSettings = {
			};
			name = Release;
		};
/* End XCBuildConfiguration section */

/* Begin XCConfigurationList section */
		38268893179F74E0008F05E1 /* Build configuration list for PBXNativeTarget "Seven" */ = {
			isa = XCConfigurationList;
			buildConfigurations = (
				38268891179F74E0008F05E1 /* Debug */,
				38268892179F74E0008F05E1 /* Release */,
			);
			defaultConfigurationIsVisible = 0;
			defaultConfigurationName = Release;
		};
		38FADE97179F74040011168D /* Build configuration list for PBXProject "Seven" */ = {
			isa = XCConfigurationList;
			buildConfigurations = (
				38FADE98179F74040011168D /* Debug */,
				38FADE99179F74040011168D /* Release */,
			);
			defaultConfigurationIsVisible = 0;
			defaultConfigurationName = Release;
		};
/* End XCConfigurationList section */
	};
	rootObject = 38FADE94179F74040011168D /* Project object */;
}
